
Microsoft Visual Studio Solution File, Format Version 12.00
# Visual Studio 15
VisualStudioVersion = 15.0.27004.2005
MinimumVisualStudioVersion = 10.0.40219.1
Project("{FAE04EC0-301F-11D3-BF4B-00C04F79EFBC}") = "ShippingAPIIntegration", "ShippingAPIIntegration\ShippingAPIIntegration.csproj", "{EC67D896-D5EC-4095-ACD5-7E0D0FCE7BDF}"
EndProject
Project("{FAE04EC0-301F-11D3-BF4B-00C04F79EFBC}") = "ShippingPilot", "ShippingPilot\ShippingPilot.csproj", "{D659EBE3-4160-47AF-BC68-1FD49DB07712}"
EndProject
Project("{54435603-DBB4-11D2-8724-00A0C9A8B90C}") = "COPilot", "COPilot\COPilot.vdproj", "{8E639747-FA2E-4CE3-BAF7-B48E0C208585}"
EndProject
Global
	GlobalSection(SolutionConfigurationPlatforms) = preSolution
		Debug|Any CPU = Debug|Any CPU
		Release|Any CPU = Release|Any CPU
	EndGlobalSection
	GlobalSection(ProjectConfigurationPlatforms) = postSolution
		{EC67D896-D5EC-4095-ACD5-7E0D0FCE7BDF}.Debug|Any CPU.ActiveCfg = Debug|Any CPU
		{EC67D896-D5EC-4095-ACD5-7E0D0FCE7BDF}.Debug|Any CPU.Build.0 = Debug|Any CPU
		{EC67D896-D5EC-4095-ACD5-7E0D0FCE7BDF}.Release|Any CPU.ActiveCfg = Release|Any CPU
		{EC67D896-D5EC-4095-ACD5-7E0D0FCE7BDF}.Release|Any CPU.Build.0 = Release|Any CPU
		{D659EBE3-4160-47AF-BC68-1FD49DB07712}.Debug|Any CPU.ActiveCfg = Debug|Any CPU
		{D659EBE3-4160-47AF-BC68-1FD49DB07712}.Debug|Any CPU.Build.0 = Debug|Any CPU
		{D659EBE3-4160-47AF-BC68-1FD49DB07712}.Release|Any CPU.ActiveCfg = Release|Any CPU
		{D659EBE3-4160-47AF-BC68-1FD49DB07712}.Release|Any CPU.Build.0 = Release|Any CPU
		{8E639747-FA2E-4CE3-BAF7-B48E0C208585}.Debug|Any CPU.ActiveCfg = Debug
		{8E639747-FA2E-4CE3-BAF7-B48E0C208585}.Release|Any CPU.ActiveCfg = Release
	EndGlobalSection
	GlobalSection(SolutionProperties) = preSolution
		HideSolutionNode = FALSE
	EndGlobalSection
	GlobalSection(ExtensibilityGlobals) = postSolution
		SolutionGuid = {5AA4661E-35E4-4DE9-B64A-B02FFA122254}
	EndGlobalSection
EndGlobal
